
Microsoft Visual Studio Solution File, Format Version 12.00
# Visual Studio Version 17
VisualStudioVersion = 17.6.33815.320
MinimumVisualStudioVersion = 10.0.40219.1
Project("{FAE04EC0-301F-11D3-BF4B-00C04F79EFBC}") = "ConcussionWeightAdjustment", "ConcussionWeightAdjustment.csproj", "{918FCA00-9C19-4F8B-B2C9-1C0FBF7382EC}"
EndProject
Global
	GlobalSection(SolutionConfigurationPlatforms) = preSolution
		Debug|Any CPU = Debug|Any CPU
		Release|Any CPU = Release|Any CPU
	EndGlobalSection
	GlobalSection(ProjectConfigurationPlatforms) = postSolution
		{918FCA00-9C19-4F8B-B2C9-1C0FBF7382EC}.Debug|Any CPU.ActiveCfg = Debug|Any CPU
		{918FCA00-9C19-4F8B-B2C9-1C0FBF7382EC}.Debug|Any CPU.Build.0 = Debug|Any CPU
		{918FCA00-9C19-4F8B-B2C9-1C0FBF7382EC}.Release|Any CPU.ActiveCfg = Release|Any CPU
		{918FCA00-9C19-4F8B-B2C9-1C0FBF7382EC}.Release|Any CPU.Build.0 = Release|Any CPU
	EndGlobalSection
	GlobalSection(SolutionProperties) = preSolution
		HideSolutionNode = FALSE
	EndGlobalSection
	GlobalSection(ExtensibilityGlobals) = postSolution
		SolutionGuid = {13D0C74B-166A-4080-8134-5A8C7065C30D}
	EndGlobalSection
EndGlobal
